
Microsoft Visual Studio Solution File, Format Version 12.00
# Visual Studio Version 16
VisualStudioVersion = 16.0.29306.81
MinimumVisualStudioVersion = 10.0.40219.1
Project("{FAE04EC0-301F-11D3-BF4B-00C04F79EFBC}") = "MVCCRUD", "MVCCRUD\MVCCRUD.csproj", "{2695A9DA-6309-47FE-A799-0873ECECF3C7}"
EndProject
Global
	GlobalSection(SolutionConfigurationPlatforms) = preSolution
		Debug|Any CPU = Debug|Any CPU
		Release|Any CPU = Release|Any CPU
	EndGlobalSection
	GlobalSection(ProjectConfigurationPlatforms) = postSolution
		{2695A9DA-6309-47FE-A799-0873ECECF3C7}.Debug|Any CPU.ActiveCfg = Debug|Any CPU
		{2695A9DA-6309-47FE-A799-0873ECECF3C7}.Debug|Any CPU.Build.0 = Debug|Any CPU
		{2695A9DA-6309-47FE-A799-0873ECECF3C7}.Release|Any CPU.ActiveCfg = Release|Any CPU
		{2695A9DA-6309-47FE-A799-0873ECECF3C7}.Release|Any CPU.Build.0 = Release|Any CPU
	EndGlobalSection
	GlobalSection(SolutionProperties) = preSolution
		HideSolutionNode = FALSE
	EndGlobalSection
	GlobalSection(ExtensibilityGlobals) = postSolution
		SolutionGuid = {FCBD12E8-B988-4473-B4F6-E631E87B18BD}
	EndGlobalSection
EndGlobal
