
Microsoft Visual Studio Solution File, Format Version 12.00
# Visual Studio Version 17
VisualStudioVersion = 17.3.32929.385
MinimumVisualStudioVersion = 10.0.40219.1
Project("{FAE04EC0-301F-11D3-BF4B-00C04F79EFBC}") = "MVCCRUD", "MVCCRUD\MVCCRUD.csproj", "{2FB9E6B1-DFF2-4C28-845D-955BB815B17D}"
EndProject
Global
	GlobalSection(SolutionConfigurationPlatforms) = preSolution
		Debug|Any CPU = Debug|Any CPU
		Release|Any CPU = Release|Any CPU
	EndGlobalSection
	GlobalSection(ProjectConfigurationPlatforms) = postSolution
		{2FB9E6B1-DFF2-4C28-845D-955BB815B17D}.Debug|Any CPU.ActiveCfg = Debug|Any CPU
		{2FB9E6B1-DFF2-4C28-845D-955BB815B17D}.Debug|Any CPU.Build.0 = Debug|Any CPU
		{2FB9E6B1-DFF2-4C28-845D-955BB815B17D}.Release|Any CPU.ActiveCfg = Release|Any CPU
		{2FB9E6B1-DFF2-4C28-845D-955BB815B17D}.Release|Any CPU.Build.0 = Release|Any CPU
	EndGlobalSection
	GlobalSection(SolutionProperties) = preSolution
		HideSolutionNode = FALSE
	EndGlobalSection
	GlobalSection(ExtensibilityGlobals) = postSolution
		SolutionGuid = {570D8EAE-6B97-4609-81B9-9664B7EC9232}
	EndGlobalSection
EndGlobal
